{
  "name": "MyCvTracker",
  "lockfileVersion": 2,
  "requires": true,
  "packages": {
    "": {
      "dependencies": {
        "react-audio-voice-recorder": "^2.2.0",
        "react-media-recorder": "^1.7.0",
        "react-responsive-modal": "^6.4.2",
        "react-webcam": "^7.2.0"
      }
    },
    "node_modules/@babel/runtime": {
      "version": "7.25.0",
      "resolved": "https://registry.npmjs.org/@babel/runtime/-/runtime-7.25.0.tgz",
      "integrity": "sha512-7dRy4DwXwtzBrPbZflqxnvfxLF8kdZXPkhymtDeFoFqE6ldzjQFgYTtYIFARcLEYDrqfBfYcZt1WqFxRoyC9Rw==",
      "dependencies": {
        "regenerator-runtime": "^0.14.0"
      },
      "engines": {
        "node": ">=6.9.0"
      }
    },
    "node_modules/@bedrock-layout/use-forwarded-ref": {
      "version": "1.6.1",
      "resolved": "https://registry.npmjs.org/@bedrock-layout/use-forwarded-ref/-/use-forwarded-ref-1.6.1.tgz",
      "integrity": "sha512-GD9A9AFLzFNjr7k6fgerSqxfwDWl+wsPS11PErOKe1zkVz0y7RGC9gzlOiX/JrgpyB3NFHWIuGtoOQqifJQQpw==",
      "dependencies": {
        "@bedrock-layout/use-stateful-ref": "^1.4.1"
      },
      "peerDependencies": {
        "react": "^16.8 || ^17 || ^18"
      }
    },
    "node_modules/@bedrock-layout/use-stateful-ref": {
      "version": "1.4.1",
      "resolved": "https://registry.npmjs.org/@bedrock-layout/use-stateful-ref/-/use-stateful-ref-1.4.1.tgz",
      "integrity": "sha512-4eKO2KdQEXcR5LI4QcxqlJykJUDQJWDeWYAukIn6sRQYoabcfI5kDl61PUi6FR6o8VFgQ8IEP7HleKqWlSe8SQ==",
      "peerDependencies": {
        "react": "^16.8 || ^17 || ^18"
      }
    },
    "node_modules/@ffmpeg/ffmpeg": {
      "version": "0.11.6",
      "resolved": "https://registry.npmjs.org/@ffmpeg/ffmpeg/-/ffmpeg-0.11.6.tgz",
      "integrity": "sha512-uN8J8KDjADEavPhNva6tYO9Fj0lWs9z82swF3YXnTxWMBoFLGq3LZ6FLlIldRKEzhOBKnkVfA8UnFJuvGvNxcA==",
      "dependencies": {
        "is-url": "^1.2.4",
        "node-fetch": "^2.6.1",
        "regenerator-runtime": "^0.13.7",
        "resolve-url": "^0.2.1"
      },
      "engines": {
        "node": ">=12.16.1"
      }
    },
    "node_modules/@ffmpeg/ffmpeg/node_modules/regenerator-runtime": {
      "version": "0.13.11",
      "resolved": "https://registry.npmjs.org/regenerator-runtime/-/regenerator-runtime-0.13.11.tgz",
      "integrity": "sha512-kY1AZVr2Ra+t+piVaJ4gxaFaReZVH40AKNo7UCX6W+dEwBo/2oZJzqfuN1qLq1oL45o56cPaTXELwrTh8Fpggg=="
    },
    "node_modules/automation-events": {
      "version": "7.0.7",
      "resolved": "https://registry.npmjs.org/automation-events/-/automation-events-7.0.7.tgz",
      "integrity": "sha512-eg7aK2P0jrq4QqnZRWXOQJDYs6lxZXK/erfZ/WPTVPP/YQlgt+J0KvIzTo86zYszkru2J/QCW1FFJYgJVd7TgA==",
      "dependencies": {
        "@babel/runtime": "^7.24.8",
        "tslib": "^2.6.3"
      },
      "engines": {
        "node": ">=18.2.0"
      }
    },
    "node_modules/body-scroll-lock": {
      "version": "3.1.5",
      "resolved": "https://registry.npmjs.org/body-scroll-lock/-/body-scroll-lock-3.1.5.tgz",
      "integrity": "sha512-Yi1Xaml0EvNA0OYWxXiYNqY24AfWkbA6w5vxE7GWxtKfzIbZM+Qw+aSmkgsbWzbHiy/RCSkUZBplVxTA+E4jJg=="
    },
    "node_modules/broker-factory": {
      "version": "3.0.100",
      "resolved": "https://registry.npmjs.org/broker-factory/-/broker-factory-3.0.100.tgz",
      "integrity": "sha512-Q7vlQDOF8AFgU3ZFm59slFwz/dTweB/4+o6Y3AFoJ9Ts9hpxqOAvTdqfjD5OvqOP0lK7xrTqoUuKNGcrpgpelQ==",
      "dependencies": {
        "@babel/runtime": "^7.24.8",
        "fast-unique-numbers": "^9.0.7",
        "tslib": "^2.6.3",
        "worker-factory": "^7.0.27"
      }
    },
    "node_modules/classnames": {
      "version": "2.5.1",
      "resolved": "https://registry.npmjs.org/classnames/-/classnames-2.5.1.tgz",
      "integrity": "sha512-saHYOzhIQs6wy2sVxTM6bUDsQO4F50V9RQ22qBpEdCW+I+/Wmke2HOl6lS6dTpdxVhb88/I6+Hs+438c3lfUow=="
    },
    "node_modules/compilerr": {
      "version": "10.0.2",
      "resolved": "https://registry.npmjs.org/compilerr/-/compilerr-10.0.2.tgz",
      "integrity": "sha512-CFwUXxJ9OuWsSvnLSbefxi+GLsZ0YnuJh40ry5QdmZ1FWK59OG+QB8XSj6t7Kq+/c5DSS7en+cML6GlzHKH58A==",
      "dependencies": {
        "@babel/runtime": "^7.21.0",
        "dashify": "^2.0.0",
        "indefinite-article": "0.0.2",
        "tslib": "^2.5.0"
      },
      "engines": {
        "node": ">=14.15.4"
      }
    },
    "node_modules/dashify": {
      "version": "2.0.0",
      "resolved": "https://registry.npmjs.org/dashify/-/dashify-2.0.0.tgz",
      "integrity": "sha512-hpA5C/YrPjucXypHPPc0oJ1l9Hf6wWbiOL7Ik42cxnsUOhWiCB/fylKbKqqJalW9FgkNQCw16YO8uW9Hs0Iy1A==",
      "engines": {
        "node": ">=4"
      }
    },
    "node_modules/extendable-media-recorder": {
      "version": "6.6.10",
      "resolved": "https://registry.npmjs.org/extendable-media-recorder/-/extendable-media-recorder-6.6.10.tgz",
      "integrity": "sha512-gnSmLqDFq40ZdbGfuarnMLNqYPLCPpPr0p21V+g67wG4Pv2oCc/ga8sfsZrEM5GywEi7FcpyRm3z99JWZ/0aPw==",
      "dependencies": {
        "@babel/runtime": "^7.18.9",
        "media-encoder-host": "^8.0.76",
        "multi-buffer-data-view": "^3.0.20",
        "recorder-audio-worklet": "^5.1.26",
        "standardized-audio-context": "^25.3.29",
        "subscribable-things": "^2.1.6",
        "tslib": "^2.4.0"
      }
    },
    "node_modules/extendable-media-recorder-wav-encoder": {
      "version": "7.0.113",
      "resolved": "https://registry.npmjs.org/extendable-media-recorder-wav-encoder/-/extendable-media-recorder-wav-encoder-7.0.113.tgz",
      "integrity": "sha512-0OsLfd4evoATDkoBYxp5vLhaTpWnh7zGOQvknnri8kxCzhNHrOK/1kv7V0bVt/GPgAw58HgkvWaZlgv0mgFTmA==",
      "dependencies": {
        "@babel/runtime": "^7.24.8",
        "extendable-media-recorder-wav-encoder-broker": "^7.0.104",
        "extendable-media-recorder-wav-encoder-worker": "^8.0.101",
        "tslib": "^2.6.3"
      }
    },
    "node_modules/extendable-media-recorder-wav-encoder-broker": {
      "version": "7.0.104",
      "resolved": "https://registry.npmjs.org/extendable-media-recorder-wav-encoder-broker/-/extendable-media-recorder-wav-encoder-broker-7.0.104.tgz",
      "integrity": "sha512-g5RWEAspcUhgrvkTwLU/JTSpoNQJUJ0ONFvW8ToXb2wIpsL3ktrIzsqgkbd0d8/vD5z4xVt8GBQO9K50Az5stQ==",
      "dependencies": {
        "@babel/runtime": "^7.24.8",
        "broker-factory": "^3.0.100",
        "extendable-media-recorder-wav-encoder-worker": "^8.0.101",
        "tslib": "^2.6.3"
      }
    },
    "node_modules/extendable-media-recorder-wav-encoder-worker": {
      "version": "8.0.101",
      "resolved": "https://registry.npmjs.org/extendable-media-recorder-wav-encoder-worker/-/extendable-media-recorder-wav-encoder-worker-8.0.101.tgz",
      "integrity": "sha512-hlwHzCtDcJu+2DTBHjS84JbTFG096X4TPgkSBiWTDJMkNHJRyRhe3ZovUPCM8YRQ74A46hdYzHFY2gqCCrePFg==",
      "dependencies": {
        "@babel/runtime": "^7.24.8",
        "tslib": "^2.6.3",
        "worker-factory": "^7.0.27"
      }
    },
    "node_modules/fast-unique-numbers": {
      "version": "9.0.7",
      "resolved": "https://registry.npmjs.org/fast-unique-numbers/-/fast-unique-numbers-9.0.7.tgz",
      "integrity": "sha512-K6hYNu8ZsVb7mwmd9OKxHmw4aLa+IFiBxt1e/FZVFFta94ZgNAHqIgUtDzd7AJaVoo/CoNTgr6sj1Dbj3PQPKg==",
      "dependencies": {
        "@babel/runtime": "^7.24.8",
        "tslib": "^2.6.3"
      },
      "engines": {
        "node": ">=18.2.0"
      }
    },
    "node_modules/indefinite-article": {
      "version": "0.0.2",
      "resolved": "https://registry.npmjs.org/indefinite-article/-/indefinite-article-0.0.2.tgz",
      "integrity": "sha512-Au/2XzRkvxq2J6w5uvSSbBKPZ5kzINx5F2wb0SF8xpRL8BP9Lav81TnRbfPp6p+SYjYxwaaLn4EUwI3/MmYKSw=="
    },
    "node_modules/is-url": {
      "version": "1.2.4",
      "resolved": "https://registry.npmjs.org/is-url/-/is-url-1.2.4.tgz",
      "integrity": "sha512-ITvGim8FhRiYe4IQ5uHSkj7pVaPDrCTkNd3yq3cV7iZAcJdHTUMPMEHcqSOy9xZ9qFenQCvi+2wjH9a1nXqHww=="
    },
    "node_modules/js-tokens": {
      "version": "4.0.0",
      "resolved": "https://registry.npmjs.org/js-tokens/-/js-tokens-4.0.0.tgz",
      "integrity": "sha512-RdJUflcE3cUzKiMqQgsCu06FPu9UdIJO0beYbPhHN4k6apgJtifcoCtT9bcxOpYBtpD2kCM6Sbzg4CausW/PKQ==",
      "peer": true
    },
    "node_modules/loose-envify": {
      "version": "1.4.0",
      "resolved": "https://registry.npmjs.org/loose-envify/-/loose-envify-1.4.0.tgz",
      "integrity": "sha512-lyuxPGr/Wfhrlem2CL/UcnUc1zcqKAImBDzukY7Y5F/yQiNdko6+fRLevlw1HgMySw7f611UIY408EtxRSoK3Q==",
      "peer": true,
      "dependencies": {
        "js-tokens": "^3.0.0 || ^4.0.0"
      },
      "bin": {
        "loose-envify": "cli.js"
      }
    },
    "node_modules/media-encoder-host": {
      "version": "8.1.0",
      "resolved": "https://registry.npmjs.org/media-encoder-host/-/media-encoder-host-8.1.0.tgz",
      "integrity": "sha512-VwX3ex48ltl+K1ObGEq3IcZp/XqpNTWemd9brC9ovo89rYmCRKTZAp1FCyfAY86RdvSMrUs26lbo45DIDVyERg==",
      "dependencies": {
        "@babel/runtime": "^7.24.4",
        "media-encoder-host-broker": "^7.1.0",
        "media-encoder-host-worker": "^9.2.0",
        "tslib": "^2.6.2"
      }
    },
    "node_modules/media-encoder-host-broker": {
      "version": "7.1.0",
      "resolved": "https://registry.npmjs.org/media-encoder-host-broker/-/media-encoder-host-broker-7.1.0.tgz",
      "integrity": "sha512-Emu3f45Wbf6AoRJxfvZ8e5nh8fRVviBfkABgYNvVUsVBgJ7+l137gn324g/JmNVQhhVQ89fjmGT1kHIJ9JG5Nw==",
      "dependencies": {
        "@babel/runtime": "^7.24.4",
        "broker-factory": "^3.0.97",
        "fast-unique-numbers": "^9.0.4",
        "media-encoder-host-worker": "^9.2.0",
        "tslib": "^2.6.2"
      }
    },
    "node_modules/media-encoder-host-worker": {
      "version": "9.2.0",
      "resolved": "https://registry.npmjs.org/media-encoder-host-worker/-/media-encoder-host-worker-9.2.0.tgz",
      "integrity": "sha512-LrJJgNBDZH2y1PYBLaiYQw9uFU5i3yPvDkDxdko+L3Z4qzhKq9+4eYxKDqlwO4EdOlaiggvMpkgZl3roOniz2A==",
      "dependencies": {
        "@babel/runtime": "^7.24.4",
        "extendable-media-recorder-wav-encoder-broker": "^7.0.100",
        "tslib": "^2.6.2",
        "worker-factory": "^7.0.24"
      }
    },
    "node_modules/multi-buffer-data-view": {
      "version": "3.0.24",
      "resolved": "https://registry.npmjs.org/multi-buffer-data-view/-/multi-buffer-data-view-3.0.24.tgz",
      "integrity": "sha512-jm7Ycplx37ExXyQmqhwl7zfQmAj81y5LLzVx0XyWea4omP9W/xJhLEHs/5b+WojGyYSRt8BHiXZVcYzu68Ma0Q==",
      "dependencies": {
        "@babel/runtime": "^7.20.6",
        "tslib": "^2.4.1"
      },
      "engines": {
        "node": ">=12.20.1"
      }
    },
    "node_modules/node-fetch": {
      "version": "2.7.0",
      "resolved": "https://registry.npmjs.org/node-fetch/-/node-fetch-2.7.0.tgz",
      "integrity": "sha512-c4FRfUm/dbcWZ7U+1Wq0AwCyFL+3nt2bEw05wfxSz+DWpWsitgmSgYmy2dQdWyKC1694ELPqMs/YzUSNozLt8A==",
      "dependencies": {
        "whatwg-url": "^5.0.0"
      },
      "engines": {
        "node": "4.x || >=6.0.0"
      },
      "peerDependencies": {
        "encoding": "^0.1.0"
      },
      "peerDependenciesMeta": {
        "encoding": {
          "optional": true
        }
      }
    },
    "node_modules/react": {
      "version": "18.3.1",
      "resolved": "https://registry.npmjs.org/react/-/react-18.3.1.tgz",
      "integrity": "sha512-wS+hAgJShR0KhEvPJArfuPVN1+Hz1t0Y6n5jLrGQbkb4urgPE/0Rve+1kMB1v/oWgHgm4WIcV+i7F2pTVj+2iQ==",
      "peer": true,
      "dependencies": {
        "loose-envify": "^1.1.0"
      },
      "engines": {
        "node": ">=0.10.0"
      }
    },
    "node_modules/react-audio-visualize": {
      "version": "1.1.3",
      "resolved": "https://registry.npmjs.org/react-audio-visualize/-/react-audio-visualize-1.1.3.tgz",
      "integrity": "sha512-gvKcmyfJP6XQrzCJeEK4z/lBL/qijqWD6JArZBfaaf5ZxEQPMfQhTipG0LJIUcBYxzVO1rvIhj4ex+/5MRYTFA==",
      "peerDependencies": {
        "react": ">=16.2.0",
        "react-dom": ">=16.2.0"
      }
    },
    "node_modules/react-audio-voice-recorder": {
      "version": "2.2.0",
      "resolved": "https://registry.npmjs.org/react-audio-voice-recorder/-/react-audio-voice-recorder-2.2.0.tgz",
      "integrity": "sha512-Hq+143Zs99vJojT/uFvtpxUuiIKoLbMhxhA7qgxe5v8hNXrh5/qTnvYP92hFaE5V+GyoCXlESONa0ufk7t5kHQ==",
      "dependencies": {
        "@ffmpeg/ffmpeg": "^0.11.6",
        "react-audio-visualize": "^1.1.3"
      },
      "peerDependencies": {
        "react": ">=16.2.0",
        "react-dom": ">=16.2.0"
      }
    },
    "node_modules/react-dom": {
      "version": "18.3.1",
      "resolved": "https://registry.npmjs.org/react-dom/-/react-dom-18.3.1.tgz",
      "integrity": "sha512-5m4nQKp+rZRb09LNH59GM4BxTh9251/ylbKIbpe7TpGxfJ+9kv6BLkLBXIjjspbgbnIBNqlI23tRnTWT0snUIw==",
      "peer": true,
      "dependencies": {
        "loose-envify": "^1.1.0",
        "scheduler": "^0.23.2"
      },
      "peerDependencies": {
        "react": "^18.3.1"
      }
    },
    "node_modules/react-media-recorder": {
      "version": "1.7.0",
      "resolved": "https://registry.npmjs.org/react-media-recorder/-/react-media-recorder-1.7.0.tgz",
      "integrity": "sha512-W0Xe/yUAeDEwiYxr0ha7j8Ne3bEzhFp11Xd6Wy1JygQMCwl3HqWFCNOG2AxFm3zFMlcy5+PaxuPgnHGq2Kt1Pw==",
      "dependencies": {
        "extendable-media-recorder": "^6.6.5",
        "extendable-media-recorder-wav-encoder": "^7.0.68"
      }
    },
    "node_modules/react-responsive-modal": {
      "version": "6.4.2",
      "resolved": "https://registry.npmjs.org/react-responsive-modal/-/react-responsive-modal-6.4.2.tgz",
      "integrity": "sha512-ARjGEKE5Gu5CSvyA8U9ARVbtK4SMAtdXsjtzwtxRlQIHC99RQTnOUctLpl7+/sp1Kg1OJZ6yqvp6ivd4TBueEw==",
      "dependencies": {
        "@bedrock-layout/use-forwarded-ref": "^1.3.1",
        "body-scroll-lock": "^3.1.5",
        "classnames": "^2.3.1"
      },
      "funding": {
        "url": "https://github.com/sponsors/pradel"
      },
      "peerDependencies": {
        "react": "^16.8.0 || ^17 || ^18",
        "react-dom": "^16.8.0 || ^17 || ^18"
      }
    },
    "node_modules/react-webcam": {
      "version": "7.2.0",
      "resolved": "https://registry.npmjs.org/react-webcam/-/react-webcam-7.2.0.tgz",
      "integrity": "sha512-xkrzYPqa1ag2DP+2Q/kLKBmCIfEx49bVdgCCCcZf88oF+0NPEbkwYk3/s/C7Zy0mhM8k+hpdNkBLzxg8H0aWcg==",
      "peerDependencies": {
        "react": ">=16.2.0",
        "react-dom": ">=16.2.0"
      }
    },
    "node_modules/recorder-audio-worklet": {
      "version": "5.1.39",
      "resolved": "https://registry.npmjs.org/recorder-audio-worklet/-/recorder-audio-worklet-5.1.39.tgz",
      "integrity": "sha512-w/RazoBwZnkFnEPRsJYNThOHznLQC98/IzWRrutpJQVvCcL0nbLsVSLDaRrnrqVpRUI11VgiXRh30HaHiSdVhQ==",
      "dependencies": {
        "@babel/runtime": "^7.21.0",
        "broker-factory": "^3.0.75",
        "fast-unique-numbers": "^7.0.2",
        "recorder-audio-worklet-processor": "^4.2.21",
        "standardized-audio-context": "^25.3.41",
        "subscribable-things": "^2.1.14",
        "tslib": "^2.5.0",
        "worker-factory": "^6.0.76"
      }
    },
    "node_modules/recorder-audio-worklet-processor": {
      "version": "4.2.21",
      "resolved": "https://registry.npmjs.org/recorder-audio-worklet-processor/-/recorder-audio-worklet-processor-4.2.21.tgz",
      "integrity": "sha512-oiiS2sp6eMxkvjt13yetSYUJvnAxBZk60mIxz0Vf/2lDWa/4svCyMLHIDzYKbHahkISd0UYyqLS9dI7xDlUOCA==",
      "dependencies": {
        "@babel/runtime": "^7.21.0",
        "tslib": "^2.5.0"
      }
    },
    "node_modules/recorder-audio-worklet/node_modules/fast-unique-numbers": {
      "version": "7.0.2",
      "resolved": "https://registry.npmjs.org/fast-unique-numbers/-/fast-unique-numbers-7.0.2.tgz",
      "integrity": "sha512-xnqpsnu889bHbq5cbDMwCJ2BPf6kjFPMu+RHfqKvisRxeEbTOVxY5aW/ZNsZ/r8OlwatxmjdFEVQog2xAhLkvg==",
      "dependencies": {
        "@babel/runtime": "^7.21.0",
        "tslib": "^2.5.0"
      },
      "engines": {
        "node": ">=14.15.4"
      }
    },
    "node_modules/recorder-audio-worklet/node_modules/worker-factory": {
      "version": "6.0.76",
      "resolved": "https://registry.npmjs.org/worker-factory/-/worker-factory-6.0.76.tgz",
      "integrity": "sha512-W1iBNPmE9p0asU4aFmYJYCnMxhkvk4qlKc660GlHxWgmflY64NxxTbmKqipu4K5p9LiKKPjqXfcQme6153BZEQ==",
      "dependencies": {
        "@babel/runtime": "^7.21.0",
        "compilerr": "^10.0.2",
        "fast-unique-numbers": "^7.0.2",
        "tslib": "^2.5.0"
      }
    },
    "node_modules/regenerator-runtime": {
      "version": "0.14.1",
      "resolved": "https://registry.npmjs.org/regenerator-runtime/-/regenerator-runtime-0.14.1.tgz",
      "integrity": "sha512-dYnhHh0nJoMfnkZs6GmmhFknAGRrLznOu5nc9ML+EJxGvrx6H7teuevqVqCuPcPK//3eDrrjQhehXVx9cnkGdw=="
    },
    "node_modules/resolve-url": {
      "version": "0.2.1",
      "resolved": "https://registry.npmjs.org/resolve-url/-/resolve-url-0.2.1.tgz",
      "integrity": "sha512-ZuF55hVUQaaczgOIwqWzkEcEidmlD/xl44x1UZnhOXcYuFN2S6+rcxpG+C1N3So0wvNI3DmJICUFfu2SxhBmvg==",
      "deprecated": "https://github.com/lydell/resolve-url#deprecated"
    },
    "node_modules/rxjs-interop": {
      "version": "2.0.0",
      "resolved": "https://registry.npmjs.org/rxjs-interop/-/rxjs-interop-2.0.0.tgz",
      "integrity": "sha512-ASEq9atUw7lualXB+knvgtvwkCEvGWV2gDD/8qnASzBkzEARZck9JAyxmY8OS6Nc1pCPEgDTKNcx+YqqYfzArw=="
    },
    "node_modules/scheduler": {
      "version": "0.23.2",
      "resolved": "https://registry.npmjs.org/scheduler/-/scheduler-0.23.2.tgz",
      "integrity": "sha512-UOShsPwz7NrMUqhR6t0hWjFduvOzbtv7toDH1/hIrfRNIDBnnBWd0CwJTGvTpngVlmwGCdP9/Zl/tVrDqcuYzQ==",
      "peer": true,
      "dependencies": {
        "loose-envify": "^1.1.0"
      }
    },
    "node_modules/standardized-audio-context": {
      "version": "25.3.75",
      "resolved": "https://registry.npmjs.org/standardized-audio-context/-/standardized-audio-context-25.3.75.tgz",
      "integrity": "sha512-N7/Si1d0kuo1umRnWOsQESqxJlkMxBZfdfNRo5HeE7pA0lmo6PNrMkOSiM0NutFxpwA+KcPexo5JkTWWAAUaNQ==",
      "dependencies": {
        "@babel/runtime": "^7.24.8",
        "automation-events": "^7.0.7",
        "tslib": "^2.6.3"
      }
    },
    "node_modules/subscribable-things": {
      "version": "2.1.38",
      "resolved": "https://registry.npmjs.org/subscribable-things/-/subscribable-things-2.1.38.tgz",
      "integrity": "sha512-tQAT99WJIStj3XCr9L4Nb08pRnb6g7FP8zeoBOJBaTir44L93jyg26DWMDD+Bzh1hMa2N4jw15dIcFGk9MA/lA==",
      "dependencies": {
        "@babel/runtime": "^7.24.8",
        "rxjs-interop": "^2.0.0",
        "tslib": "^2.6.3"
      }
    },
    "node_modules/tr46": {
      "version": "0.0.3",
      "resolved": "https://registry.npmjs.org/tr46/-/tr46-0.0.3.tgz",
      "integrity": "sha512-N3WMsuqV66lT30CrXNbEjx4GEwlow3v6rr4mCcv6prnfwhS01rkgyFdjPNBYd9br7LpXV1+Emh01fHnq2Gdgrw=="
    },
    "node_modules/tslib": {
      "version": "2.6.3",
      "resolved": "https://registry.npmjs.org/tslib/-/tslib-2.6.3.tgz",
      "integrity": "sha512-xNvxJEOUiWPGhUuUdQgAJPKOOJfGnIyKySOc09XkKsgdUV/3E2zvwZYdejjmRgPCgcym1juLH3226yA7sEFJKQ=="
    },
    "node_modules/webidl-conversions": {
      "version": "3.0.1",
      "resolved": "https://registry.npmjs.org/webidl-conversions/-/webidl-conversions-3.0.1.tgz",
      "integrity": "sha512-2JAn3z8AR6rjK8Sm8orRC0h/bcl/DqL7tRPdGZ4I1CjdF+EaMLmYxBHyXuKL849eucPFhvBoxMsflfOb8kxaeQ=="
    },
    "node_modules/whatwg-url": {
      "version": "5.0.0",
      "resolved": "https://registry.npmjs.org/whatwg-url/-/whatwg-url-5.0.0.tgz",
      "integrity": "sha512-saE57nupxk6v3HY35+jzBwYa0rKSy0XR8JSxZPwgLr7ys0IBzhGviA1/TUGJLmSVqs8pb9AnvICXEuOHLprYTw==",
      "dependencies": {
        "tr46": "~0.0.3",
        "webidl-conversions": "^3.0.0"
      }
    },
    "node_modules/worker-factory": {
      "version": "7.0.27",
      "resolved": "https://registry.npmjs.org/worker-factory/-/worker-factory-7.0.27.tgz",
      "integrity": "sha512-ZksIwNiBCn3nkPTcSVHTvyuhuAK1g6slNK5pCbsdpcOn4zTCa1tR6f6/S1JkvD1o5w5VWgQ7UUBSK2p1FvsipA==",
      "dependencies": {
        "@babel/runtime": "^7.24.8",
        "fast-unique-numbers": "^9.0.7",
        "tslib": "^2.6.3"
      }
    }
  },
  "dependencies": {
    "@babel/runtime": {
      "version": "7.25.0",
      "resolved": "https://registry.npmjs.org/@babel/runtime/-/runtime-7.25.0.tgz",
      "integrity": "sha512-7dRy4DwXwtzBrPbZflqxnvfxLF8kdZXPkhymtDeFoFqE6ldzjQFgYTtYIFARcLEYDrqfBfYcZt1WqFxRoyC9Rw==",
      "requires": {
        "regenerator-runtime": "^0.14.0"
      }
    },
    "@bedrock-layout/use-forwarded-ref": {
      "version": "1.6.1",
      "resolved": "https://registry.npmjs.org/@bedrock-layout/use-forwarded-ref/-/use-forwarded-ref-1.6.1.tgz",
      "integrity": "sha512-GD9A9AFLzFNjr7k6fgerSqxfwDWl+wsPS11PErOKe1zkVz0y7RGC9gzlOiX/JrgpyB3NFHWIuGtoOQqifJQQpw==",
      "requires": {
        "@bedrock-layout/use-stateful-ref": "^1.4.1"
      }
    },
    "@bedrock-layout/use-stateful-ref": {
      "version": "1.4.1",
      "resolved": "https://registry.npmjs.org/@bedrock-layout/use-stateful-ref/-/use-stateful-ref-1.4.1.tgz",
      "integrity": "sha512-4eKO2KdQEXcR5LI4QcxqlJykJUDQJWDeWYAukIn6sRQYoabcfI5kDl61PUi6FR6o8VFgQ8IEP7HleKqWlSe8SQ==",
      "requires": {}
    },
    "@ffmpeg/ffmpeg": {
      "version": "0.11.6",
      "resolved": "https://registry.npmjs.org/@ffmpeg/ffmpeg/-/ffmpeg-0.11.6.tgz",
      "integrity": "sha512-uN8J8KDjADEavPhNva6tYO9Fj0lWs9z82swF3YXnTxWMBoFLGq3LZ6FLlIldRKEzhOBKnkVfA8UnFJuvGvNxcA==",
      "requires": {
        "is-url": "^1.2.4",
        "node-fetch": "^2.6.1",
        "regenerator-runtime": "^0.13.7",
        "resolve-url": "^0.2.1"
      },
      "dependencies": {
        "regenerator-runtime": {
          "version": "0.13.11",
          "resolved": "https://registry.npmjs.org/regenerator-runtime/-/regenerator-runtime-0.13.11.tgz",
          "integrity": "sha512-kY1AZVr2Ra+t+piVaJ4gxaFaReZVH40AKNo7UCX6W+dEwBo/2oZJzqfuN1qLq1oL45o56cPaTXELwrTh8Fpggg=="
        }
      }
    },
    "automation-events": {
      "version": "7.0.7",
      "resolved": "https://registry.npmjs.org/automation-events/-/automation-events-7.0.7.tgz",
      "integrity": "sha512-eg7aK2P0jrq4QqnZRWXOQJDYs6lxZXK/erfZ/WPTVPP/YQlgt+J0KvIzTo86zYszkru2J/QCW1FFJYgJVd7TgA==",
      "requires": {
        "@babel/runtime": "^7.24.8",
        "tslib": "^2.6.3"
      }
    },
    "body-scroll-lock": {
      "version": "3.1.5",
      "resolved": "https://registry.npmjs.org/body-scroll-lock/-/body-scroll-lock-3.1.5.tgz",
      "integrity": "sha512-Yi1Xaml0EvNA0OYWxXiYNqY24AfWkbA6w5vxE7GWxtKfzIbZM+Qw+aSmkgsbWzbHiy/RCSkUZBplVxTA+E4jJg=="
    },
    "broker-factory": {
      "version": "3.0.100",
      "resolved": "https://registry.npmjs.org/broker-factory/-/broker-factory-3.0.100.tgz",
      "integrity": "sha512-Q7vlQDOF8AFgU3ZFm59slFwz/dTweB/4+o6Y3AFoJ9Ts9hpxqOAvTdqfjD5OvqOP0lK7xrTqoUuKNGcrpgpelQ==",
      "requires": {
        "@babel/runtime": "^7.24.8",
        "fast-unique-numbers": "^9.0.7",
        "tslib": "^2.6.3",
        "worker-factory": "^7.0.27"
      }
    },
    "classnames": {
      "version": "2.5.1",
      "resolved": "https://registry.npmjs.org/classnames/-/classnames-2.5.1.tgz",
      "integrity": "sha512-saHYOzhIQs6wy2sVxTM6bUDsQO4F50V9RQ22qBpEdCW+I+/Wmke2HOl6lS6dTpdxVhb88/I6+Hs+438c3lfUow=="
    },
    "compilerr": {
      "version": "10.0.2",
      "resolved": "https://registry.npmjs.org/compilerr/-/compilerr-10.0.2.tgz",
      "integrity": "sha512-CFwUXxJ9OuWsSvnLSbefxi+GLsZ0YnuJh40ry5QdmZ1FWK59OG+QB8XSj6t7Kq+/c5DSS7en+cML6GlzHKH58A==",
      "requires": {
        "@babel/runtime": "^7.21.0",
        "dashify": "^2.0.0",
        "indefinite-article": "0.0.2",
        "tslib": "^2.5.0"
      }
    },
    "dashify": {
      "version": "2.0.0",
      "resolved": "https://registry.npmjs.org/dashify/-/dashify-2.0.0.tgz",
      "integrity": "sha512-hpA5C/YrPjucXypHPPc0oJ1l9Hf6wWbiOL7Ik42cxnsUOhWiCB/fylKbKqqJalW9FgkNQCw16YO8uW9Hs0Iy1A=="
    },
    "extendable-media-recorder": {
      "version": "6.6.10",
      "resolved": "https://registry.npmjs.org/extendable-media-recorder/-/extendable-media-recorder-6.6.10.tgz",
      "integrity": "sha512-gnSmLqDFq40ZdbGfuarnMLNqYPLCPpPr0p21V+g67wG4Pv2oCc/ga8sfsZrEM5GywEi7FcpyRm3z99JWZ/0aPw==",
      "requires": {
        "@babel/runtime": "^7.18.9",
        "media-encoder-host": "^8.0.76",
        "multi-buffer-data-view": "^3.0.20",
        "recorder-audio-worklet": "^5.1.26",
        "standardized-audio-context": "^25.3.29",
        "subscribable-things": "^2.1.6",
        "tslib": "^2.4.0"
      }
    },
    "extendable-media-recorder-wav-encoder": {
      "version": "7.0.113",
      "resolved": "https://registry.npmjs.org/extendable-media-recorder-wav-encoder/-/extendable-media-recorder-wav-encoder-7.0.113.tgz",
      "integrity": "sha512-0OsLfd4evoATDkoBYxp5vLhaTpWnh7zGOQvknnri8kxCzhNHrOK/1kv7V0bVt/GPgAw58HgkvWaZlgv0mgFTmA==",
      "requires": {
        "@babel/runtime": "^7.24.8",
        "extendable-media-recorder-wav-encoder-broker": "^7.0.104",
        "extendable-media-recorder-wav-encoder-worker": "^8.0.101",
        "tslib": "^2.6.3"
      }
    },
    "extendable-media-recorder-wav-encoder-broker": {
      "version": "7.0.104",
      "resolved": "https://registry.npmjs.org/extendable-media-recorder-wav-encoder-broker/-/extendable-media-recorder-wav-encoder-broker-7.0.104.tgz",
      "integrity": "sha512-g5RWEAspcUhgrvkTwLU/JTSpoNQJUJ0ONFvW8ToXb2wIpsL3ktrIzsqgkbd0d8/vD5z4xVt8GBQO9K50Az5stQ==",
      "requires": {
        "@babel/runtime": "^7.24.8",
        "broker-factory": "^3.0.100",
        "extendable-media-recorder-wav-encoder-worker": "^8.0.101",
        "tslib": "^2.6.3"
      }
    },
    "extendable-media-recorder-wav-encoder-worker": {
      "version": "8.0.101",
      "resolved": "https://registry.npmjs.org/extendable-media-recorder-wav-encoder-worker/-/extendable-media-recorder-wav-encoder-worker-8.0.101.tgz",
      "integrity": "sha512-hlwHzCtDcJu+2DTBHjS84JbTFG096X4TPgkSBiWTDJMkNHJRyRhe3ZovUPCM8YRQ74A46hdYzHFY2gqCCrePFg==",
      "requires": {
        "@babel/runtime": "^7.24.8",
        "tslib": "^2.6.3",
        "worker-factory": "^7.0.27"
      }
    },
    "fast-unique-numbers": {
      "version": "9.0.7",
      "resolved": "https://registry.npmjs.org/fast-unique-numbers/-/fast-unique-numbers-9.0.7.tgz",
      "integrity": "sha512-K6hYNu8ZsVb7mwmd9OKxHmw4aLa+IFiBxt1e/FZVFFta94ZgNAHqIgUtDzd7AJaVoo/CoNTgr6sj1Dbj3PQPKg==",
      "requires": {
        "@babel/runtime": "^7.24.8",
        "tslib": "^2.6.3"
      }
    },
    "indefinite-article": {
      "version": "0.0.2",
      "resolved": "https://registry.npmjs.org/indefinite-article/-/indefinite-article-0.0.2.tgz",
      "integrity": "sha512-Au/2XzRkvxq2J6w5uvSSbBKPZ5kzINx5F2wb0SF8xpRL8BP9Lav81TnRbfPp6p+SYjYxwaaLn4EUwI3/MmYKSw=="
    },
    "is-url": {
      "version": "1.2.4",
      "resolved": "https://registry.npmjs.org/is-url/-/is-url-1.2.4.tgz",
      "integrity": "sha512-ITvGim8FhRiYe4IQ5uHSkj7pVaPDrCTkNd3yq3cV7iZAcJdHTUMPMEHcqSOy9xZ9qFenQCvi+2wjH9a1nXqHww=="
    },
    "js-tokens": {
      "version": "4.0.0",
      "resolved": "https://registry.npmjs.org/js-tokens/-/js-tokens-4.0.0.tgz",
      "integrity": "sha512-RdJUflcE3cUzKiMqQgsCu06FPu9UdIJO0beYbPhHN4k6apgJtifcoCtT9bcxOpYBtpD2kCM6Sbzg4CausW/PKQ==",
      "peer": true
    },
    "loose-envify": {
      "version": "1.4.0",
      "resolved": "https://registry.npmjs.org/loose-envify/-/loose-envify-1.4.0.tgz",
      "integrity": "sha512-lyuxPGr/Wfhrlem2CL/UcnUc1zcqKAImBDzukY7Y5F/yQiNdko6+fRLevlw1HgMySw7f611UIY408EtxRSoK3Q==",
      "peer": true,
      "requires": {
        "js-tokens": "^3.0.0 || ^4.0.0"
      }
    },
    "media-encoder-host": {
      "version": "8.1.0",
      "resolved": "https://registry.npmjs.org/media-encoder-host/-/media-encoder-host-8.1.0.tgz",
      "integrity": "sha512-VwX3ex48ltl+K1ObGEq3IcZp/XqpNTWemd9brC9ovo89rYmCRKTZAp1FCyfAY86RdvSMrUs26lbo45DIDVyERg==",
      "requires": {
        "@babel/runtime": "^7.24.4",
        "media-encoder-host-broker": "^7.1.0",
        "media-encoder-host-worker": "^9.2.0",
        "tslib": "^2.6.2"
      }
    },
    "media-encoder-host-broker": {
      "version": "7.1.0",
      "resolved": "https://registry.npmjs.org/media-encoder-host-broker/-/media-encoder-host-broker-7.1.0.tgz",
      "integrity": "sha512-Emu3f45Wbf6AoRJxfvZ8e5nh8fRVviBfkABgYNvVUsVBgJ7+l137gn324g/JmNVQhhVQ89fjmGT1kHIJ9JG5Nw==",
      "requires": {
        "@babel/runtime": "^7.24.4",
        "broker-factory": "^3.0.97",
        "fast-unique-numbers": "^9.0.4",
        "media-encoder-host-worker": "^9.2.0",
        "tslib": "^2.6.2"
      }
    },
    "media-encoder-host-worker": {
      "version": "9.2.0",
      "resolved": "https://registry.npmjs.org/media-encoder-host-worker/-/media-encoder-host-worker-9.2.0.tgz",
      "integrity": "sha512-LrJJgNBDZH2y1PYBLaiYQw9uFU5i3yPvDkDxdko+L3Z4qzhKq9+4eYxKDqlwO4EdOlaiggvMpkgZl3roOniz2A==",
      "requires": {
        "@babel/runtime": "^7.24.4",
        "extendable-media-recorder-wav-encoder-broker": "^7.0.100",
        "tslib": "^2.6.2",
        "worker-factory": "^7.0.24"
      }
    },
    "multi-buffer-data-view": {
      "version": "3.0.24",
      "resolved": "https://registry.npmjs.org/multi-buffer-data-view/-/multi-buffer-data-view-3.0.24.tgz",
      "integrity": "sha512-jm7Ycplx37ExXyQmqhwl7zfQmAj81y5LLzVx0XyWea4omP9W/xJhLEHs/5b+WojGyYSRt8BHiXZVcYzu68Ma0Q==",
      "requires": {
        "@babel/runtime": "^7.20.6",
        "tslib": "^2.4.1"
      }
    },
    "node-fetch": {
      "version": "2.7.0",
      "resolved": "https://registry.npmjs.org/node-fetch/-/node-fetch-2.7.0.tgz",
      "integrity": "sha512-c4FRfUm/dbcWZ7U+1Wq0AwCyFL+3nt2bEw05wfxSz+DWpWsitgmSgYmy2dQdWyKC1694ELPqMs/YzUSNozLt8A==",
      "requires": {
        "whatwg-url": "^5.0.0"
      }
    },
    "react": {
      "version": "18.3.1",
      "resolved": "https://registry.npmjs.org/react/-/react-18.3.1.tgz",
      "integrity": "sha512-wS+hAgJShR0KhEvPJArfuPVN1+Hz1t0Y6n5jLrGQbkb4urgPE/0Rve+1kMB1v/oWgHgm4WIcV+i7F2pTVj+2iQ==",
      "peer": true,
      "requires": {
        "loose-envify": "^1.1.0"
      }
    },
    "react-audio-visualize": {
      "version": "1.1.3",
      "resolved": "https://registry.npmjs.org/react-audio-visualize/-/react-audio-visualize-1.1.3.tgz",
      "integrity": "sha512-gvKcmyfJP6XQrzCJeEK4z/lBL/qijqWD6JArZBfaaf5ZxEQPMfQhTipG0LJIUcBYxzVO1rvIhj4ex+/5MRYTFA==",
      "requires": {}
    },
    "react-audio-voice-recorder": {
      "version": "2.2.0",
      "resolved": "https://registry.npmjs.org/react-audio-voice-recorder/-/react-audio-voice-recorder-2.2.0.tgz",
      "integrity": "sha512-Hq+143Zs99vJojT/uFvtpxUuiIKoLbMhxhA7qgxe5v8hNXrh5/qTnvYP92hFaE5V+GyoCXlESONa0ufk7t5kHQ==",
      "requires": {
        "@ffmpeg/ffmpeg": "^0.11.6",
        "react-audio-visualize": "^1.1.3"
      }
    },
    "react-dom": {
      "version": "18.3.1",
      "resolved": "https://registry.npmjs.org/react-dom/-/react-dom-18.3.1.tgz",
      "integrity": "sha512-5m4nQKp+rZRb09LNH59GM4BxTh9251/ylbKIbpe7TpGxfJ+9kv6BLkLBXIjjspbgbnIBNqlI23tRnTWT0snUIw==",
      "peer": true,
      "requires": {
        "loose-envify": "^1.1.0",
        "scheduler": "^0.23.2"
      }
    },
    "react-media-recorder": {
      "version": "1.7.0",
      "resolved": "https://registry.npmjs.org/react-media-recorder/-/react-media-recorder-1.7.0.tgz",
      "integrity": "sha512-W0Xe/yUAeDEwiYxr0ha7j8Ne3bEzhFp11Xd6Wy1JygQMCwl3HqWFCNOG2AxFm3zFMlcy5+PaxuPgnHGq2Kt1Pw==",
      "requires": {
        "extendable-media-recorder": "^6.6.5",
        "extendable-media-recorder-wav-encoder": "^7.0.68"
      }
    },
    "react-responsive-modal": {
      "version": "6.4.2",
      "resolved": "https://registry.npmjs.org/react-responsive-modal/-/react-responsive-modal-6.4.2.tgz",
      "integrity": "sha512-ARjGEKE5Gu5CSvyA8U9ARVbtK4SMAtdXsjtzwtxRlQIHC99RQTnOUctLpl7+/sp1Kg1OJZ6yqvp6ivd4TBueEw==",
      "requires": {
        "@bedrock-layout/use-forwarded-ref": "^1.3.1",
        "body-scroll-lock": "^3.1.5",
        "classnames": "^2.3.1"
      }
    },
    "react-webcam": {
      "version": "7.2.0",
      "resolved": "https://registry.npmjs.org/react-webcam/-/react-webcam-7.2.0.tgz",
      "integrity": "sha512-xkrzYPqa1ag2DP+2Q/kLKBmCIfEx49bVdgCCCcZf88oF+0NPEbkwYk3/s/C7Zy0mhM8k+hpdNkBLzxg8H0aWcg==",
      "requires": {}
    },
    "recorder-audio-worklet": {
      "version": "5.1.39",
      "resolved": "https://registry.npmjs.org/recorder-audio-worklet/-/recorder-audio-worklet-5.1.39.tgz",
      "integrity": "sha512-w/RazoBwZnkFnEPRsJYNThOHznLQC98/IzWRrutpJQVvCcL0nbLsVSLDaRrnrqVpRUI11VgiXRh30HaHiSdVhQ==",
      "requires": {
        "@babel/runtime": "^7.21.0",
        "broker-factory": "^3.0.75",
        "fast-unique-numbers": "^7.0.2",
        "recorder-audio-worklet-processor": "^4.2.21",
        "standardized-audio-context": "^25.3.41",
        "subscribable-things": "^2.1.14",
        "tslib": "^2.5.0",
        "worker-factory": "^6.0.76"
      },
      "dependencies": {
        "fast-unique-numbers": {
          "version": "7.0.2",
          "resolved": "https://registry.npmjs.org/fast-unique-numbers/-/fast-unique-numbers-7.0.2.tgz",
          "integrity": "sha512-xnqpsnu889bHbq5cbDMwCJ2BPf6kjFPMu+RHfqKvisRxeEbTOVxY5aW/ZNsZ/r8OlwatxmjdFEVQog2xAhLkvg==",
          "requires": {
            "@babel/runtime": "^7.21.0",
            "tslib": "^2.5.0"
          }
        },
        "worker-factory": {
          "version": "6.0.76",
          "resolved": "https://registry.npmjs.org/worker-factory/-/worker-factory-6.0.76.tgz",
          "integrity": "sha512-W1iBNPmE9p0asU4aFmYJYCnMxhkvk4qlKc660GlHxWgmflY64NxxTbmKqipu4K5p9LiKKPjqXfcQme6153BZEQ==",
          "requires": {
            "@babel/runtime": "^7.21.0",
            "compilerr": "^10.0.2",
            "fast-unique-numbers": "^7.0.2",
            "tslib": "^2.5.0"
          }
        }
      }
    },
    "recorder-audio-worklet-processor": {
      "version": "4.2.21",
      "resolved": "https://registry.npmjs.org/recorder-audio-worklet-processor/-/recorder-audio-worklet-processor-4.2.21.tgz",
      "integrity": "sha512-oiiS2sp6eMxkvjt13yetSYUJvnAxBZk60mIxz0Vf/2lDWa/4svCyMLHIDzYKbHahkISd0UYyqLS9dI7xDlUOCA==",
      "requires": {
        "@babel/runtime": "^7.21.0",
        "tslib": "^2.5.0"
      }
    },
    "regenerator-runtime": {
      "version": "0.14.1",
      "resolved": "https://registry.npmjs.org/regenerator-runtime/-/regenerator-runtime-0.14.1.tgz",
      "integrity": "sha512-dYnhHh0nJoMfnkZs6GmmhFknAGRrLznOu5nc9ML+EJxGvrx6H7teuevqVqCuPcPK//3eDrrjQhehXVx9cnkGdw=="
    },
    "resolve-url": {
      "version": "0.2.1",
      "resolved": "https://registry.npmjs.org/resolve-url/-/resolve-url-0.2.1.tgz",
      "integrity": "sha512-ZuF55hVUQaaczgOIwqWzkEcEidmlD/xl44x1UZnhOXcYuFN2S6+rcxpG+C1N3So0wvNI3DmJICUFfu2SxhBmvg=="
    },
    "rxjs-interop": {
      "version": "2.0.0",
      "resolved": "https://registry.npmjs.org/rxjs-interop/-/rxjs-interop-2.0.0.tgz",
      "integrity": "sha512-ASEq9atUw7lualXB+knvgtvwkCEvGWV2gDD/8qnASzBkzEARZck9JAyxmY8OS6Nc1pCPEgDTKNcx+YqqYfzArw=="
    },
    "scheduler": {
      "version": "0.23.2",
      "resolved": "https://registry.npmjs.org/scheduler/-/scheduler-0.23.2.tgz",
      "integrity": "sha512-UOShsPwz7NrMUqhR6t0hWjFduvOzbtv7toDH1/hIrfRNIDBnnBWd0CwJTGvTpngVlmwGCdP9/Zl/tVrDqcuYzQ==",
      "peer": true,
      "requires": {
        "loose-envify": "^1.1.0"
      }
    },
    "standardized-audio-context": {
      "version": "25.3.75",
      "resolved": "https://registry.npmjs.org/standardized-audio-context/-/standardized-audio-context-25.3.75.tgz",
      "integrity": "sha512-N7/Si1d0kuo1umRnWOsQESqxJlkMxBZfdfNRo5HeE7pA0lmo6PNrMkOSiM0NutFxpwA+KcPexo5JkTWWAAUaNQ==",
      "requires": {
        "@babel/runtime": "^7.24.8",
        "automation-events": "^7.0.7",
        "tslib": "^2.6.3"
      }
    },
    "subscribable-things": {
      "version": "2.1.38",
      "resolved": "https://registry.npmjs.org/subscribable-things/-/subscribable-things-2.1.38.tgz",
      "integrity": "sha512-tQAT99WJIStj3XCr9L4Nb08pRnb6g7FP8zeoBOJBaTir44L93jyg26DWMDD+Bzh1hMa2N4jw15dIcFGk9MA/lA==",
      "requires": {
        "@babel/runtime": "^7.24.8",
        "rxjs-interop": "^2.0.0",
        "tslib": "^2.6.3"
      }
    },
    "tr46": {
      "version": "0.0.3",
      "resolved": "https://registry.npmjs.org/tr46/-/tr46-0.0.3.tgz",
      "integrity": "sha512-N3WMsuqV66lT30CrXNbEjx4GEwlow3v6rr4mCcv6prnfwhS01rkgyFdjPNBYd9br7LpXV1+Emh01fHnq2Gdgrw=="
    },
    "tslib": {
      "version": "2.6.3",
      "resolved": "https://registry.npmjs.org/tslib/-/tslib-2.6.3.tgz",
      "integrity": "sha512-xNvxJEOUiWPGhUuUdQgAJPKOOJfGnIyKySOc09XkKsgdUV/3E2zvwZYdejjmRgPCgcym1juLH3226yA7sEFJKQ=="
    },
    "webidl-conversions": {
      "version": "3.0.1",
      "resolved": "https://registry.npmjs.org/webidl-conversions/-/webidl-conversions-3.0.1.tgz",
      "integrity": "sha512-2JAn3z8AR6rjK8Sm8orRC0h/bcl/DqL7tRPdGZ4I1CjdF+EaMLmYxBHyXuKL849eucPFhvBoxMsflfOb8kxaeQ=="
    },
    "whatwg-url": {
      "version": "5.0.0",
      "resolved": "https://registry.npmjs.org/whatwg-url/-/whatwg-url-5.0.0.tgz",
      "integrity": "sha512-saE57nupxk6v3HY35+jzBwYa0rKSy0XR8JSxZPwgLr7ys0IBzhGviA1/TUGJLmSVqs8pb9AnvICXEuOHLprYTw==",
      "requires": {
        "tr46": "~0.0.3",
        "webidl-conversions": "^3.0.0"
      }
    },
    "worker-factory": {
      "version": "7.0.27",
      "resolved": "https://registry.npmjs.org/worker-factory/-/worker-factory-7.0.27.tgz",
      "integrity": "sha512-ZksIwNiBCn3nkPTcSVHTvyuhuAK1g6slNK5pCbsdpcOn4zTCa1tR6f6/S1JkvD1o5w5VWgQ7UUBSK2p1FvsipA==",
      "requires": {
        "@babel/runtime": "^7.24.8",
        "fast-unique-numbers": "^9.0.7",
        "tslib": "^2.6.3"
      }
    }
  }
}
